// !$*UTF8*$!
{
	archiveVersion = 1;
	classes = {
	};
	objectVersion = 50;
	objects = {

/* Begin PBXBuildFile section */
		034F8793212A570A00F93FCD /* AppDelegate.m in Sources */ = {isa = PBXBuildFile; fileRef = 034F8792212A570A00F93FCD /* AppDelegate.m */; };
		034F8796212A570A00F93FCD /* ViewController.m in Sources */ = {isa = PBXBuildFile; fileRef = 034F8795212A570A00F93FCD /* ViewController.m */; };
		034F8799212A570A00F93FCD /* Main.storyboard in Resources */ = {isa = PBXBuildFile; fileRef = 034F8797212A570A00F93FCD /* Main.storyboard */; };
		034F879B212A571100F93FCD /* Assets.xcassets in Resources */ = {isa = PBXBuildFile; fileRef = 034F879A212A571100F93FCD /* Assets.xcassets */; };
		034F879E212A571100F93FCD /* LaunchScreen.storyboard in Resources */ = {isa = PBXBuildFile; fileRef = 034F879C212A571100F93FCD /* LaunchScreen.storyboard */; };
		034F87A1212A571100F93FCD /* main.m in Sources */ = {isa = PBXBuildFile; fileRef = 034F87A0212A571100F93FCD /* main.m */; };
		034F87AA212A575A00F93FCD /* DLSlider.m in Sources */ = {isa = PBXBuildFile; fileRef = 034F87A9212A575A00F93FCD /* DLSlider.m */; };
/* End PBXBuildFile section */

/* Begin PBXFileReference section */
		034F878E212A570A00F93FCD /* DLSlider.app */ = {isa = PBXFileReference; explicitFileType = wrapper.application; includeInIndex = 0; path = DLSlider.app; sourceTree = BUILT_PRODUCTS_DIR; };
		034F8791212A570A00F93FCD /* AppDelegate.h */ = {isa = PBXFileReference; lastKnownFileType = sourcecode.c.h; path = AppDelegate.h; sourceTree = "<group>"; };
		034F8792212A570A00F93FCD /* AppDelegate.m */ = {isa = PBXFileReference; lastKnownFileType = sourcecode.c.objc; path = AppDelegate.m; sourceTree = "<group>"; };
		034F8794212A570A00F93FCD /* ViewController.h */ = {isa = PBXFileReference; lastKnownFileType = sourcecode.c.h; path = ViewController.h; sourceTree = "<group>"; };
		034F8795212A570A00F93FCD /* ViewController.m */ = {isa = PBXFileReference; lastKnownFileType = sourcecode.c.objc; path = ViewController.m; sourceTree = "<group>"; };
		034F8798212A570A00F93FCD /* Base */ = {isa = PBXFileReference; lastKnownFileType = file.storyboard; name = Base; path = Base.lproj/Main.storyboard; sourceTree = "<group>"; };
		034F879A212A571100F93FCD /* Assets.xcassets */ = {isa = PBXFileReference; lastKnownFileType = folder.assetcatalog; path = Assets.xcassets; sourceTree = "<group>"; };
		034F879D212A571100F93FCD /* Base */ = {isa = PBXFileReference; lastKnownFileType = file.storyboard; name = Base; path = Base.lproj/LaunchScreen.storyboard; sourceTree = "<group>"; };
		034F879F212A571100F93FCD /* Info.plist */ = {isa = PBXFileReference; lastKnownFileType = text.plist.xml; path = Info.plist; sourceTree = "<group>"; };
		034F87A0212A571100F93FCD /* main.m */ = {isa = PBXFileReference; lastKnownFileType = sourcecode.c.objc; path = main.m; sourceTree = "<group>"; };
		034F87A8212A575A00F93FCD /* DLSlider.h */ = {isa = PBXFileReference; fileEncoding = 4; lastKnownFileType = sourcecode.c.h; path = DLSlider.h; sourceTree = "<group>"; };
		034F87A9212A575A00F93FCD /* DLSlider.m */ = {isa = PBXFileReference; fileEncoding = 4; lastKnownFileType = sourcecode.c.objc; path = DLSlider.m; sourceTree = "<group>"; };
/* End PBXFileReference section */

/* Begin PBXFrameworksBuildPhase section */
		034F878B212A570A00F93FCD /* Frameworks */ = {
			isa = PBXFrameworksBuildPhase;
			buildActionMask = 2147483647;
			files = (
			);
			runOnlyForDeploymentPostprocessing = 0;
		};
/* End PBXFrameworksBuildPhase section */

/* Begin PBXGroup section */
		034F8785212A570A00F93FCD = {
			isa = PBXGroup;
			children = (
				034F8790212A570A00F93FCD /* DLSlider */,
				034F878F212A570A00F93FCD /* Products */,
			);
			sourceTree = "<group>";
		};
		034F878F212A570A00F93FCD /* Products */ = {
			isa = PBXGroup;
			children = (
				034F878E212A570A00F93FCD /* DLSlider.app */,
			);
			name = Products;
			sourceTree = "<group>";
		};
		034F8790212A570A00F93FCD /* DLSlider */ = {
			isa = PBXGroup;
			children = (
				034F87A7212A575A00F93FCD /* DLSlider */,
				034F8791212A570A00F93FCD /* AppDelegate.h */,
				034F8792212A570A00F93FCD /* AppDelegate.m */,
				034F8794212A570A00F93FCD /* ViewController.h */,
				034F8795212A570A00F93FCD /* ViewController.m */,
				034F8797212A570A00F93FCD /* Main.storyboard */,
				034F879A212A571100F93FCD /* Assets.xcassets */,
				034F879C212A571100F93FCD /* LaunchScreen.storyboard */,
				034F879F212A571100F93FCD /* Info.plist */,
				034F87A0212A571100F93FCD /* main.m */,
			);
			path = DLSlider;
			sourceTree = "<group>";
		};
		034F87A7212A575A00F93FCD /* DLSlider */ = {
			isa = PBXGroup;
			children = (
				034F87A8212A575A00F93FCD /* DLSlider.h */,
				034F87A9212A575A00F93FCD /* DLSlider.m */,
			);
			path = DLSlider;
			sourceTree = "<group>";
		};
/* End PBXGroup section */

/* Begin PBXNativeTarget section */
		034F878D212A570A00F93FCD /* DLSlider */ = {
			isa = PBXNativeTarget;
			buildConfigurationList = 034F87A4212A571100F93FCD /* Build configuration list for PBXNativeTarget "DLSlider" */;
			buildPhases = (
				034F878A212A570A00F93FCD /* Sources */,
				034F878B212A570A00F93FCD /* Frameworks */,
				034F878C212A570A00F93FCD /* Resources */,
			);
			buildRules = (
			);
			dependencies = (
			);
			name = DLSlider;
			productName = DLSlider;
			productReference = 034F878E212A570A00F93FCD /* DLSlider.app */;
			productType = "com.apple.product-type.application";
		};
/* End PBXNativeTarget section */

/* Begin PBXProject section */
		034F8786212A570A00F93FCD /* Project object */ = {
			isa = PBXProject;
			attributes = {
				LastUpgradeCheck = 0940;
				ORGANIZATIONNAME = QYhengye;
				TargetAttributes = {
					034F878D212A570A00F93FCD = {
						CreatedOnToolsVersion = 9.4.1;
					};
				};
			};
			buildConfigurationList = 034F8789212A570A00F93FCD /* Build configuration list for PBXProject "DLSlider" */;
			compatibilityVersion = "Xcode 9.3";
			developmentRegion = en;
			hasScannedForEncodings = 0;
			knownRegions = (
				en,
				Base,
			);
			mainGroup = 034F8785212A570A00F93FCD;
			productRefGroup = 034F878F212A570A00F93FCD /* Products */;
			projectDirPath = "";
			projectRoot = "";
			targets = (
				034F878D212A570A00F93FCD /* DLSlider */,
			);
		};
/* End PBXProject section */

/* Begin PBXResourcesBuildPhase section */
		034F878C212A570A00F93FCD /* Resources */ = {
			isa = PBXResourcesBuildPhase;
			buildActionMask = 2147483647;
			files = (
				034F879E212A571100F93FCD /* LaunchScreen.storyboard in Resources */,
				034F879B212A571100F93FCD /* Assets.xcassets in Resources */,
				034F8799212A570A00F93FCD /* Main.storyboard in Resources */,
			);
			runOnlyForDeploymentPostprocessing = 0;
		};
/* End PBXResourcesBuildPhase section */

/* Begin PBXSourcesBuildPhase section */
		034F878A212A570A00F93FCD /* Sources */ = {
			isa = PBXSourcesBuildPhase;
			buildActionMask = 2147483647;
			files = (
				034F87AA212A575A00F93FCD /* DLSlider.m in Sources */,
				034F8796212A570A00F93FCD /* ViewController.m in Sources */,
				034F87A1212A571100F93FCD /* main.m in Sources */,
				034F8793212A570A00F93FCD /* AppDelegate.m in Sources */,
			);
			runOnlyForDeploymentPostprocessing = 0;
		};
/* End PBXSourcesBuildPhase section */

/* Begin PBXVariantGroup section */
		034F8797212A570A00F93FCD /* Main.storyboard */ = {
			isa = PBXVariantGroup;
			children = (
				034F8798212A570A00F93FCD /* Base */,
			);
			name = Main.storyboard;
			sourceTree = "<group>";
		};
		034F879C212A571100F93FCD /* LaunchScreen.storyboard */ = {
			isa = PBXVariantGroup;
			children = (
				034F879D212A571100F93FCD /* Base */,
			);
			name = LaunchScreen.storyboard;
			sourceTree = "<group>";
		};
/* End PBXVariantGroup section */

/* Begin XCBuildConfiguration section */
		034F87A2212A571100F93FCD /* Debug */ = {
			isa = XCBuildConfiguration;
			buildSettings = {
				ALWAYS_SEARCH_USER_PATHS = NO;
				CLANG_ANALYZER_NONNULL = YES;
				CLANG_ANALYZER_NUMBER_OBJECT_CONVERSION = YES_AGGRESSIVE;
				CLANG_CXX_LANGUAGE_STANDARD = "gnu++14";
				CLANG_CXX_LIBRARY = "libc++";
				CLANG_ENABLE_MODULES = YES;
				CLANG_ENABLE_OBJC_ARC = YES;
				CLANG_ENABLE_OBJC_WEAK = YES;
				CLANG_WARN_BLOCK_CAPTURE_AUTORELEASING = YES;
				CLANG_WARN_BOOL_CONVERSION = YES;
				CLANG_WARN_COMMA = YES;
				CLANG_WARN_CONSTANT_CONVERSION = YES;
				CLANG_WARN_DEPRECATED_OBJC_IMPLEMENTATIONS = YES;
				CLANG_WARN_DIRECT_OBJC_ISA_USAGE = YES_ERROR;
				CLANG_WARN_DOCUMENTATION_COMMENTS = YES;
				CLANG_WARN_EMPTY_BODY = YES;
				CLANG_WARN_ENUM_CONVERSION = YES;
				CLANG_WARN_INFINITE_RECURSION = YES;
				CLANG_WARN_INT_CONVERSION = YES;
				CLANG_WARN_NON_LITERAL_NULL_CONVERSION = YES;
				CLANG_WARN_OBJC_IMPLICIT_RETAIN_SELF = YES;
				CLANG_WARN_OBJC_LITERAL_CONVERSION = YES;
				CLANG_WARN_OBJC_ROOT_CLASS = YES_ERROR;
				CLANG_WARN_RANGE_LOOP_ANALYSIS = YES;
				CLANG_WARN_STRICT_PROTOTYPES = YES;
				CLANG_WARN_SUSPICIOUS_MOVE = YES;
				CLANG_WARN_UNGUARDED_AVAILABILITY = YES_AGGRESSIVE;
				CLANG_WARN_UNREACHABLE_CODE = YES;
				CLANG_WARN__DUPLICATE_METHOD_MATCH = YES;
				CODE_SIGN_IDENTITY = "iPhone Developer";
				COPY_PHASE_STRIP = NO;
				DEBUG_INFORMATION_FORMAT = dwarf;
				ENABLE_STRICT_OBJC_MSGSEND = YES;
				ENABLE_TESTABILITY = YES;
				GCC_C_LANGUAGE_STANDARD = gnu11;
				GCC_DYNAMIC_NO_PIC = NO;
				GCC_NO_COMMON_BLOCKS = YES;
				GCC_OPTIMIZATION_LEVEL = 0;
				GCC_PREPROCESSOR_DEFINITIONS = (
					"DEBUG=1",
					"$(inherited)",
				);
				GCC_WARN_64_TO_32_BIT_CONVERSION = YES;
				GCC_WARN_ABOUT_RETURN_TYPE = YES_ERROR;
				GCC_WARN_UNDECLARED_SELECTOR = YES;
				GCC_WARN_UNINITIALIZED_AUTOS = YES_AGGRESSIVE;
				GCC_WARN_UNUSED_FUNCTION = YES;
				GCC_WARN_UNUSED_VARIABLE = YES;
				IPHONEOS_DEPLOYMENT_TARGET = 11.4;
				MTL_ENABLE_DEBUG_INFO = YES;
				ONLY_ACTIVE_ARCH = YES;
				SDKROOT = iphoneos;
			};
			name = Debug;
		};
		034F87A3212A571100F93FCD /* Release */ = {
			isa = XCBuildConfiguration;
			buildSettings = {
				ALWAYS_SEARCH_USER_PATHS = NO;
				CLANG_ANALYZER_NONNULL = YES;
				CLANG_ANALYZER_NUMBER_OBJECT_CONVERSION = YES_AGGRESSIVE;
				CLANG_CXX_LANGUAGE_STANDARD = "gnu++14";
				CLANG_CXX_LIBRARY = "libc++";
				CLANG_ENABLE_MODULES = YES;
				CLANG_ENABLE_OBJC_ARC = YES;
				CLANG_ENABLE_OBJC_WEAK = YES;
				CLANG_WARN_BLOCK_CAPTURE_AUTORELEASING = YES;
				CLANG_WARN_BOOL_CONVERSION = YES;
				CLANG_WARN_COMMA = YES;
				CLANG_WARN_CONSTANT_CONVERSION = YES;
				CLANG_WARN_DEPRECATED_OBJC_IMPLEMENTATIONS = YES;
				CLANG_WARN_DIRECT_OBJC_ISA_USAGE = YES_ERROR;
				CLANG_WARN_DOCUMENTATION_COMMENTS = YES;
				CLANG_WARN_EMPTY_BODY = YES;
				CLANG_WARN_ENUM_CONVERSION = YES;
				CLANG_WARN_INFINITE_RECURSION = YES;
				CLANG_WARN_INT_CONVERSION = YES;
				CLANG_WARN_NON_LITERAL_NULL_CONVERSION = YES;
				CLANG_WARN_OBJC_IMPLICIT_RETAIN_SELF = YES;
				CLANG_WARN_OBJC_LITERAL_CONVERSION = YES;
				CLANG_WARN_OBJC_ROOT_CLASS = YES_ERROR;
				CLANG_WARN_RANGE_LOOP_ANALYSIS = YES;
				CLANG_WARN_STRICT_PROTOTYPES = YES;
				CLANG_WARN_SUSPICIOUS_MOVE = YES;
				CLANG_WARN_UNGUARDED_AVAILABILITY = YES_AGGRESSIVE;
				CLANG_WARN_UNREACHABLE_CODE = YES;
				CLANG_WARN__DUPLICATE_METHOD_MATCH = YES;
				CODE_SIGN_IDENTITY = "iPhone Developer";
				COPY_PHASE_STRIP = NO;
				DEBUG_INFORMATION_FORMAT = "dwarf-with-dsym";
				ENABLE_NS_ASSERTIONS = NO;
				ENABLE_STRICT_OBJC_MSGSEND = YES;
				GCC_C_LANGUAGE_STANDARD = gnu11;
				GCC_NO_COMMON_BLOCKS = YES;
				GCC_WARN_64_TO_32_BIT_CONVERSION = YES;
				GCC_WARN_ABOUT_RETURN_TYPE = YES_ERROR;
				GCC_WARN_UNDECLARED_SELECTOR = YES;
				GCC_WARN_UNINITIALIZED_AUTOS = YES_AGGRESSIVE;
				GCC_WARN_UNUSED_FUNCTION = YES;
				GCC_WARN_UNUSED_VARIABLE = YES;
				IPHONEOS_DEPLOYMENT_TARGET = 11.4;
				MTL_ENABLE_DEBUG_INFO = NO;
				SDKROOT = iphoneos;
				VALIDATE_PRODUCT = YES;
			};
			name = Release;
		};
		034F87A5212A571100F93FCD /* Debug */ = {
			isa = XCBuildConfiguration;
			buildSettings = {
				ASSETCATALOG_COMPILER_APPICON_NAME = AppIcon;
				CODE_SIGN_STYLE = Automatic;
				DEVELOPMENT_TEAM = H6J2U2M5B2;
				INFOPLIST_FILE = DLSlider/Info.plist;
				IPHONEOS_DEPLOYMENT_TARGET = 9.0;
				LD_RUNPATH_SEARCH_PATHS = (
					"$(inherited)",
					"@executable_path/Frameworks",
				);
				PRODUCT_BUNDLE_IDENTIFIER = com.qianyuanhengye.DLSlider;
				PRODUCT_NAME = "$(TARGET_NAME)";
				TARGETED_DEVICE_FAMILY = "1,2";
			};
			name = Debug;
		};
		034F87A6212A571100F93FCD /* Release */ = {
			isa = XCBuildConfiguration;
			buildSettings = {
				ASSETCATALOG_COMPILER_APPICON_NAME = AppIcon;
				CODE_SIGN_STYLE = Automatic;
				DEVELOPMENT_TEAM = H6J2U2M5B2;
				INFOPLIST_FILE = DLSlider/Info.plist;
				IPHONEOS_DEPLOYMENT_TARGET = 9.0;
				LD_RUNPATH_SEARCH_PATHS = (
					"$(inherited)",
					"@executable_path/Frameworks",
				);
				PRODUCT_BUNDLE_IDENTIFIER = com.qianyuanhengye.DLSlider;
				PRODUCT_NAME = "$(TARGET_NAME)";
				TARGETED_DEVICE_FAMILY = "1,2";
			};
			name = Release;
		};
/* End XCBuildConfiguration section */

/* Begin XCConfigurationList section */
		034F8789212A570A00F93FCD /* Build configuration list for PBXProject "DLSlider" */ = {
			isa = XCConfigurationList;
			buildConfigurations = (
				034F87A2212A571100F93FCD /* Debug */,
				034F87A3212A571100F93FCD /* Release */,
			);
			defaultConfigurationIsVisible = 0;
			defaultConfigurationName = Release;
		};
		034F87A4212A571100F93FCD /* Build configuration list for PBXNativeTarget "DLSlider" */ = {
			isa = XCConfigurationList;
			buildConfigurations = (
				034F87A5212A571100F93FCD /* Debug */,
				034F87A6212A571100F93FCD /* Release */,
			);
			defaultConfigurationIsVisible = 0;
			defaultConfigurationName = Release;
		};
/* End XCConfigurationList section */
	};
	rootObject = 034F8786212A570A00F93FCD /* Project object */;
}
